
Microsoft Visual Studio Solution File, Format Version 12.00
# Visual Studio Version 17
VisualStudioVersion = 17.0.32112.339
MinimumVisualStudioVersion = 10.0.40219.1
Project("{FAE04EC0-301F-11D3-BF4B-00C04F79EFBC}") = "MtchMKRAPI", "MtchMKRAPI\MtchMKRAPI.csproj", "{318AC68A-DECA-4054-8B0B-353731A4CB31}"
EndProject
Global
	GlobalSection(SolutionConfigurationPlatforms) = preSolution
		Debug|Any CPU = Debug|Any CPU
		Release|Any CPU = Release|Any CPU
	EndGlobalSection
	GlobalSection(ProjectConfigurationPlatforms) = postSolution
		{318AC68A-DECA-4054-8B0B-353731A4CB31}.Debug|Any CPU.ActiveCfg = Debug|Any CPU
		{318AC68A-DECA-4054-8B0B-353731A4CB31}.Debug|Any CPU.Build.0 = Debug|Any CPU
		{318AC68A-DECA-4054-8B0B-353731A4CB31}.Release|Any CPU.ActiveCfg = Release|Any CPU
		{318AC68A-DECA-4054-8B0B-353731A4CB31}.Release|Any CPU.Build.0 = Release|Any CPU
	EndGlobalSection
	GlobalSection(SolutionProperties) = preSolution
		HideSolutionNode = FALSE
	EndGlobalSection
	GlobalSection(ExtensibilityGlobals) = postSolution
		SolutionGuid = {9826F206-4741-4148-B3D5-F4F5C2860304}
	EndGlobalSection
EndGlobal
